
Microsoft Visual Studio Solution File, Format Version 12.00
# Visual Studio Version 16
VisualStudioVersion = 16.0.30711.63
MinimumVisualStudioVersion = 10.0.40219.1
Project("{FAE04EC0-301F-11D3-BF4B-00C04F79EFBC}") = "ECommerceShoppingCartASPNet5", "ECommerceShoppingCartASPNet5\ECommerceShoppingCartASPNet5.csproj", "{27F05C0B-439C-4C7B-A786-684162EB5730}"
EndProject
Global
	GlobalSection(SolutionConfigurationPlatforms) = preSolution
		Debug|Any CPU = Debug|Any CPU
		Release|Any CPU = Release|Any CPU
	EndGlobalSection
	GlobalSection(ProjectConfigurationPlatforms) = postSolution
		{27F05C0B-439C-4C7B-A786-684162EB5730}.Debug|Any CPU.ActiveCfg = Debug|Any CPU
		{27F05C0B-439C-4C7B-A786-684162EB5730}.Debug|Any CPU.Build.0 = Debug|Any CPU
		{27F05C0B-439C-4C7B-A786-684162EB5730}.Release|Any CPU.ActiveCfg = Release|Any CPU
		{27F05C0B-439C-4C7B-A786-684162EB5730}.Release|Any CPU.Build.0 = Release|Any CPU
	EndGlobalSection
	GlobalSection(SolutionProperties) = preSolution
		HideSolutionNode = FALSE
	EndGlobalSection
	GlobalSection(ExtensibilityGlobals) = postSolution
		SolutionGuid = {BE6E5C89-C936-4E13-B521-701C37B351C6}
	EndGlobalSection
EndGlobal
